{
    "name": "api",
    "version": "1.0.0",
    "lockfileVersion": 1,
    "requires": true,
    "dependencies": {
        "qs": {
            "version": "6.7.0",
            "resolved": "https://registry.npm.taobao.org/qs/download/qs-6.7.0.tgz",
            "integrity": "sha1-QdwaAV49WB8WIXdr4xr7KHapsbw="
        }
    }
}
